
Microsoft Visual Studio Solution File, Format Version 12.00
# Visual Studio Version 17
VisualStudioVersion = 17.13.35931.197 d17.13
MinimumVisualStudioVersion = 10.0.40219.1
Project("{FAE04EC0-301F-11D3-BF4B-00C04F79EFBC}") = "Operator-ImagePlayer-Tool", "Operator-ImagePlayer-Tool\Operator-ImagePlayer-Tool.csproj", "{345615BD-1FD2-450E-A8E7-D906D8B76E98}"
EndProject
Global
	GlobalSection(SolutionConfigurationPlatforms) = preSolution
		Debug|Any CPU = Debug|Any CPU
		Release|Any CPU = Release|Any CPU
	EndGlobalSection
	GlobalSection(ProjectConfigurationPlatforms) = postSolution
		{345615BD-1FD2-450E-A8E7-D906D8B76E98}.Debug|Any CPU.ActiveCfg = Debug|Any CPU
		{345615BD-1FD2-450E-A8E7-D906D8B76E98}.Debug|Any CPU.Build.0 = Debug|Any CPU
		{345615BD-1FD2-450E-A8E7-D906D8B76E98}.Release|Any CPU.ActiveCfg = Release|Any CPU
		{345615BD-1FD2-450E-A8E7-D906D8B76E98}.Release|Any CPU.Build.0 = Release|Any CPU
	EndGlobalSection
	GlobalSection(SolutionProperties) = preSolution
		HideSolutionNode = FALSE
	EndGlobalSection
	GlobalSection(ExtensibilityGlobals) = postSolution
		SolutionGuid = {73E27DC1-B9F5-44CB-ACBF-9B271A67C04E}
	EndGlobalSection
EndGlobal
